
Microsoft Visual Studio Solution File, Format Version 12.00
# Visual Studio Version 17
VisualStudioVersion = 17.13.35913.81 d17.13
MinimumVisualStudioVersion = 10.0.40219.1
Project("{FAE04EC0-301F-11D3-BF4B-00C04F79EFBC}") = "Hrms system", "Hrms system\Hrms system.csproj", "{6777A81C-EA05-4157-AC9B-F42229674A0C}"
EndProject
Global
	GlobalSection(SolutionConfigurationPlatforms) = preSolution
		Debug|Any CPU = Debug|Any CPU
		Release|Any CPU = Release|Any CPU
	EndGlobalSection
	GlobalSection(ProjectConfigurationPlatforms) = postSolution
		{6777A81C-EA05-4157-AC9B-F42229674A0C}.Debug|Any CPU.ActiveCfg = Debug|Any CPU
		{6777A81C-EA05-4157-AC9B-F42229674A0C}.Debug|Any CPU.Build.0 = Debug|Any CPU
		{6777A81C-EA05-4157-AC9B-F42229674A0C}.Release|Any CPU.ActiveCfg = Release|Any CPU
		{6777A81C-EA05-4157-AC9B-F42229674A0C}.Release|Any CPU.Build.0 = Release|Any CPU
	EndGlobalSection
	GlobalSection(SolutionProperties) = preSolution
		HideSolutionNode = FALSE
	EndGlobalSection
	GlobalSection(ExtensibilityGlobals) = postSolution
		SolutionGuid = {583D5658-8B2B-488C-AC8B-087435743D8D}
	EndGlobalSection
EndGlobal
